
Microsoft Visual Studio Solution File, Format Version 12.00
# Visual Studio Version 17
VisualStudioVersion = 17.14.36518.9
MinimumVisualStudioVersion = 10.0.40219.1
Project("{8BC9CEB8-8B4A-11D0-8D11-00A0C91BC942}") = "rpp_lab1", "rpp_lab1.vcxproj", "{D4E8C6A3-E5A4-4F93-B6BD-79844C8155ED}"
EndProject
Project("{8BC9CEB8-8B4A-11D0-8D11-00A0C91BC942}") = "rpp_lab2", "..\rpp_lab2\rpp_lab2.vcxproj", "{42C79236-9B57-4244-89C6-BC1B551108EC}"
EndProject
Global
	GlobalSection(SolutionConfigurationPlatforms) = preSolution
		Debug|x64 = Debug|x64
		Debug|x86 = Debug|x86
		Release|x64 = Release|x64
		Release|x86 = Release|x86
	EndGlobalSection
	GlobalSection(ProjectConfigurationPlatforms) = postSolution
		{D4E8C6A3-E5A4-4F93-B6BD-79844C8155ED}.Debug|x64.ActiveCfg = Debug|x64
		{D4E8C6A3-E5A4-4F93-B6BD-79844C8155ED}.Debug|x64.Build.0 = Debug|x64
		{D4E8C6A3-E5A4-4F93-B6BD-79844C8155ED}.Debug|x86.ActiveCfg = Debug|Win32
		{D4E8C6A3-E5A4-4F93-B6BD-79844C8155ED}.Debug|x86.Build.0 = Debug|Win32
		{D4E8C6A3-E5A4-4F93-B6BD-79844C8155ED}.Release|x64.ActiveCfg = Release|x64
		{D4E8C6A3-E5A4-4F93-B6BD-79844C8155ED}.Release|x64.Build.0 = Release|x64
		{D4E8C6A3-E5A4-4F93-B6BD-79844C8155ED}.Release|x86.ActiveCfg = Release|Win32
		{D4E8C6A3-E5A4-4F93-B6BD-79844C8155ED}.Release|x86.Build.0 = Release|Win32
		{42C79236-9B57-4244-89C6-BC1B551108EC}.Debug|x64.ActiveCfg = Debug|x64
		{42C79236-9B57-4244-89C6-BC1B551108EC}.Debug|x64.Build.0 = Debug|x64
		{42C79236-9B57-4244-89C6-BC1B551108EC}.Debug|x86.ActiveCfg = Debug|Win32
		{42C79236-9B57-4244-89C6-BC1B551108EC}.Debug|x86.Build.0 = Debug|Win32
		{42C79236-9B57-4244-89C6-BC1B551108EC}.Release|x64.ActiveCfg = Release|x64
		{42C79236-9B57-4244-89C6-BC1B551108EC}.Release|x64.Build.0 = Release|x64
		{42C79236-9B57-4244-89C6-BC1B551108EC}.Release|x86.ActiveCfg = Release|Win32
		{42C79236-9B57-4244-89C6-BC1B551108EC}.Release|x86.Build.0 = Release|Win32
	EndGlobalSection
	GlobalSection(SolutionProperties) = preSolution
		HideSolutionNode = FALSE
	EndGlobalSection
	GlobalSection(ExtensibilityGlobals) = postSolution
		SolutionGuid = {BBDE69F7-79E6-4FCD-9F12-EA7B7BF0C640}
	EndGlobalSection
EndGlobal
